// !$*UTF8*$!
{
	archiveVersion = 1;
	classes = {
	};
	objectVersion = 46;
	objects = {

/* Begin PBXBuildFile section */
		660938AA16F9D5F300D8CF6A /* UIKit.framework in Frameworks */ = {isa = PBXBuildFile; fileRef = 660938A916F9D5F300D8CF6A /* UIKit.framework */; };
		660938AC16F9D5F300D8CF6A /* Foundation.framework in Frameworks */ = {isa = PBXBuildFile; fileRef = 660938AB16F9D5F300D8CF6A /* Foundation.framework */; };
		660938AE16F9D5F300D8CF6A /* CoreGraphics.framework in Frameworks */ = {isa = PBXBuildFile; fileRef = 660938AD16F9D5F300D8CF6A /* CoreGraphics.framework */; };
		660938B416F9D5F300D8CF6A /* InfoPlist.strings in Resources */ = {isa = PBXBuildFile; fileRef = 660938B216F9D5F300D8CF6A /* InfoPlist.strings */; };
		660938B616F9D5F300D8CF6A /* main.m in Sources */ = {isa = PBXBuildFile; fileRef = 660938B516F9D5F300D8CF6A /* main.m */; };
		660938BA16F9D5F300D8CF6A /* AppDelegate.m in Sources */ = {isa = PBXBuildFile; fileRef = 660938B916F9D5F300D8CF6A /* AppDelegate.m */; };
		660938BC16F9D5F300D8CF6A /* Default.png in Resources */ = {isa = PBXBuildFile; fileRef = 660938BB16F9D5F300D8CF6A /* Default.png */; };
		660938BE16F9D5F300D8CF6A /* Default@2x.png in Resources */ = {isa = PBXBuildFile; fileRef = 660938BD16F9D5F300D8CF6A /* Default@2x.png */; };
		660938C016F9D5F300D8CF6A /* Default-568h@2x.png in Resources */ = {isa = PBXBuildFile; fileRef = 660938BF16F9D5F300D8CF6A /* Default-568h@2x.png */; };
		660938C316F9D5F300D8CF6A /* MainStoryboard.storyboard in Resources */ = {isa = PBXBuildFile; fileRef = 660938C116F9D5F300D8CF6A /* MainStoryboard.storyboard */; };
		660938C616F9D5F300D8CF6A /* ViewController.m in Sources */ = {isa = PBXBuildFile; fileRef = 660938C516F9D5F300D8CF6A /* ViewController.m */; };
		660938CE16F9D8AB00D8CF6A /* List_TVC.m in Sources */ = {isa = PBXBuildFile; fileRef = 660938CD16F9D8AB00D8CF6A /* List_TVC.m */; };
		660938D116F9E1E700D8CF6A /* PlayVideo_VC.m in Sources */ = {isa = PBXBuildFile; fileRef = 660938D016F9E1E700D8CF6A /* PlayVideo_VC.m */; };
		66250A2816FD776800976BB9 /* SystemConfiguration.framework in Frameworks */ = {isa = PBXBuildFile; fileRef = 66250A2716FD776800976BB9 /* SystemConfiguration.framework */; };
		66944AA516FD74180017A08F /* Reachability.m in Sources */ = {isa = PBXBuildFile; fileRef = 66944AA416FD74180017A08F /* Reachability.m */; settings = {COMPILER_FLAGS = "-fno-objc-arc"; }; };
		66C4CCF016FE097900788221 /* PlayLists_TVC.m in Sources */ = {isa = PBXBuildFile; fileRef = 66C4CCEF16FE097900788221 /* PlayLists_TVC.m */; };
/* End PBXBuildFile section */

/* Begin PBXFileReference section */
		660938A616F9D5F300D8CF6A /* YouPlayList.app */ = {isa = PBXFileReference; explicitFileType = wrapper.application; includeInIndex = 0; path = YouPlayList.app; sourceTree = BUILT_PRODUCTS_DIR; };
		660938A916F9D5F300D8CF6A /* UIKit.framework */ = {isa = PBXFileReference; lastKnownFileType = wrapper.framework; name = UIKit.framework; path = System/Library/Frameworks/UIKit.framework; sourceTree = SDKROOT; };
		660938AB16F9D5F300D8CF6A /* Foundation.framework */ = {isa = PBXFileReference; lastKnownFileType = wrapper.framework; name = Foundation.framework; path = System/Library/Frameworks/Foundation.framework; sourceTree = SDKROOT; };
		660938AD16F9D5F300D8CF6A /* CoreGraphics.framework */ = {isa = PBXFileReference; lastKnownFileType = wrapper.framework; name = CoreGraphics.framework; path = System/Library/Frameworks/CoreGraphics.framework; sourceTree = SDKROOT; };
		660938B116F9D5F300D8CF6A /* YouPlayList-Info.plist */ = {isa = PBXFileReference; lastKnownFileType = text.plist.xml; path = "YouPlayList-Info.plist"; sourceTree = "<group>"; };
		660938B316F9D5F300D8CF6A /* en */ = {isa = PBXFileReference; lastKnownFileType = text.plist.strings; name = en; path = en.lproj/InfoPlist.strings; sourceTree = "<group>"; };
		660938B516F9D5F300D8CF6A /* main.m */ = {isa = PBXFileReference; lastKnownFileType = sourcecode.c.objc; path = main.m; sourceTree = "<group>"; };
		660938B716F9D5F300D8CF6A /* YouPlayList-Prefix.pch */ = {isa = PBXFileReference; lastKnownFileType = sourcecode.c.h; path = "YouPlayList-Prefix.pch"; sourceTree = "<group>"; };
		660938B816F9D5F300D8CF6A /* AppDelegate.h */ = {isa = PBXFileReference; lastKnownFileType = sourcecode.c.h; path = AppDelegate.h; sourceTree = "<group>"; };
		660938B916F9D5F300D8CF6A /* AppDelegate.m */ = {isa = PBXFileReference; lastKnownFileType = sourcecode.c.objc; path = AppDelegate.m; sourceTree = "<group>"; };
		660938BB16F9D5F300D8CF6A /* Default.png */ = {isa = PBXFileReference; lastKnownFileType = image.png; path = Default.png; sourceTree = "<group>"; };
		660938BD16F9D5F300D8CF6A /* Default@2x.png */ = {isa = PBXFileReference; lastKnownFileType = image.png; path = "Default@2x.png"; sourceTree = "<group>"; };
		660938BF16F9D5F300D8CF6A /* Default-568h@2x.png */ = {isa = PBXFileReference; lastKnownFileType = image.png; path = "Default-568h@2x.png"; sourceTree = "<group>"; };
		660938C216F9D5F300D8CF6A /* en */ = {isa = PBXFileReference; lastKnownFileType = file.storyboard; name = en; path = en.lproj/MainStoryboard.storyboard; sourceTree = "<group>"; };
		660938C416F9D5F300D8CF6A /* ViewController.h */ = {isa = PBXFileReference; lastKnownFileType = sourcecode.c.h; path = ViewController.h; sourceTree = "<group>"; };
		660938C516F9D5F300D8CF6A /* ViewController.m */ = {isa = PBXFileReference; lastKnownFileType = sourcecode.c.objc; path = ViewController.m; sourceTree = "<group>"; };
		660938CC16F9D8AB00D8CF6A /* List_TVC.h */ = {isa = PBXFileReference; fileEncoding = 4; lastKnownFileType = sourcecode.c.h; path = List_TVC.h; sourceTree = "<group>"; };
		660938CD16F9D8AB00D8CF6A /* List_TVC.m */ = {isa = PBXFileReference; fileEncoding = 4; lastKnownFileType = sourcecode.c.objc; path = List_TVC.m; sourceTree = "<group>"; };
		660938CF16F9E1E700D8CF6A /* PlayVideo_VC.h */ = {isa = PBXFileReference; fileEncoding = 4; lastKnownFileType = sourcecode.c.h; path = PlayVideo_VC.h; sourceTree = "<group>"; };
		660938D016F9E1E700D8CF6A /* PlayVideo_VC.m */ = {isa = PBXFileReference; fileEncoding = 4; lastKnownFileType = sourcecode.c.objc; path = PlayVideo_VC.m; sourceTree = "<group>"; };
		66250A2716FD776800976BB9 /* SystemConfiguration.framework */ = {isa = PBXFileReference; lastKnownFileType = wrapper.framework; name = SystemConfiguration.framework; path = System/Library/Frameworks/SystemConfiguration.framework; sourceTree = SDKROOT; };
		66944AA316FD74180017A08F /* Reachability.h */ = {isa = PBXFileReference; fileEncoding = 4; lastKnownFileType = sourcecode.c.h; path = Reachability.h; sourceTree = "<group>"; };
		66944AA416FD74180017A08F /* Reachability.m */ = {isa = PBXFileReference; fileEncoding = 4; lastKnownFileType = sourcecode.c.objc; path = Reachability.m; sourceTree = "<group>"; };
		66C4CCEE16FE097900788221 /* PlayLists_TVC.h */ = {isa = PBXFileReference; fileEncoding = 4; lastKnownFileType = sourcecode.c.h; path = PlayLists_TVC.h; sourceTree = "<group>"; };
		66C4CCEF16FE097900788221 /* PlayLists_TVC.m */ = {isa = PBXFileReference; fileEncoding = 4; lastKnownFileType = sourcecode.c.objc; path = PlayLists_TVC.m; sourceTree = "<group>"; };
/* End PBXFileReference section */

/* Begin PBXFrameworksBuildPhase section */
		660938A316F9D5F300D8CF6A /* Frameworks */ = {
			isa = PBXFrameworksBuildPhase;
			buildActionMask = 2147483647;
			files = (
				66250A2816FD776800976BB9 /* SystemConfiguration.framework in Frameworks */,
				660938AA16F9D5F300D8CF6A /* UIKit.framework in Frameworks */,
				660938AC16F9D5F300D8CF6A /* Foundation.framework in Frameworks */,
				660938AE16F9D5F300D8CF6A /* CoreGraphics.framework in Frameworks */,
			);
			runOnlyForDeploymentPostprocessing = 0;
		};
/* End PBXFrameworksBuildPhase section */

/* Begin PBXGroup section */
		6609389D16F9D5F300D8CF6A = {
			isa = PBXGroup;
			children = (
				66944AA316FD74180017A08F /* Reachability.h */,
				66944AA416FD74180017A08F /* Reachability.m */,
				660938AF16F9D5F300D8CF6A /* YouPlayList */,
				660938A816F9D5F300D8CF6A /* Frameworks */,
				660938A716F9D5F300D8CF6A /* Products */,
			);
			sourceTree = "<group>";
		};
		660938A716F9D5F300D8CF6A /* Products */ = {
			isa = PBXGroup;
			children = (
				660938A616F9D5F300D8CF6A /* YouPlayList.app */,
			);
			name = Products;
			sourceTree = "<group>";
		};
		660938A816F9D5F300D8CF6A /* Frameworks */ = {
			isa = PBXGroup;
			children = (
				66250A2716FD776800976BB9 /* SystemConfiguration.framework */,
				660938A916F9D5F300D8CF6A /* UIKit.framework */,
				660938AB16F9D5F300D8CF6A /* Foundation.framework */,
				660938AD16F9D5F300D8CF6A /* CoreGraphics.framework */,
			);
			name = Frameworks;
			sourceTree = "<group>";
		};
		660938AF16F9D5F300D8CF6A /* YouPlayList */ = {
			isa = PBXGroup;
			children = (
				660938B816F9D5F300D8CF6A /* AppDelegate.h */,
				660938B916F9D5F300D8CF6A /* AppDelegate.m */,
				660938C116F9D5F300D8CF6A /* MainStoryboard.storyboard */,
				660938C416F9D5F300D8CF6A /* ViewController.h */,
				660938C516F9D5F300D8CF6A /* ViewController.m */,
				66C4CCEE16FE097900788221 /* PlayLists_TVC.h */,
				66C4CCEF16FE097900788221 /* PlayLists_TVC.m */,
				660938CC16F9D8AB00D8CF6A /* List_TVC.h */,
				660938CD16F9D8AB00D8CF6A /* List_TVC.m */,
				660938CF16F9E1E700D8CF6A /* PlayVideo_VC.h */,
				660938D016F9E1E700D8CF6A /* PlayVideo_VC.m */,
				660938B016F9D5F300D8CF6A /* Supporting Files */,
			);
			path = YouPlayList;
			sourceTree = "<group>";
		};
		660938B016F9D5F300D8CF6A /* Supporting Files */ = {
			isa = PBXGroup;
			children = (
				660938B116F9D5F300D8CF6A /* YouPlayList-Info.plist */,
				660938B216F9D5F300D8CF6A /* InfoPlist.strings */,
				660938B516F9D5F300D8CF6A /* main.m */,
				660938B716F9D5F300D8CF6A /* YouPlayList-Prefix.pch */,
				660938BB16F9D5F300D8CF6A /* Default.png */,
				660938BD16F9D5F300D8CF6A /* Default@2x.png */,
				660938BF16F9D5F300D8CF6A /* Default-568h@2x.png */,
			);
			name = "Supporting Files";
			sourceTree = "<group>";
		};
/* End PBXGroup section */

/* Begin PBXNativeTarget section */
		660938A516F9D5F300D8CF6A /* YouPlayList */ = {
			isa = PBXNativeTarget;
			buildConfigurationList = 660938C916F9D5F300D8CF6A /* Build configuration list for PBXNativeTarget "YouPlayList" */;
			buildPhases = (
				660938A216F9D5F300D8CF6A /* Sources */,
				660938A316F9D5F300D8CF6A /* Frameworks */,
				660938A416F9D5F300D8CF6A /* Resources */,
			);
			buildRules = (
			);
			dependencies = (
			);
			name = YouPlayList;
			productName = YouPlayList;
			productReference = 660938A616F9D5F300D8CF6A /* YouPlayList.app */;
			productType = "com.apple.product-type.application";
		};
/* End PBXNativeTarget section */

/* Begin PBXProject section */
		6609389E16F9D5F300D8CF6A /* Project object */ = {
			isa = PBXProject;
			attributes = {
				LastUpgradeCheck = 0460;
				ORGANIZATIONNAME = MobileIT;
			};
			buildConfigurationList = 660938A116F9D5F300D8CF6A /* Build configuration list for PBXProject "YouPlayList" */;
			compatibilityVersion = "Xcode 3.2";
			developmentRegion = English;
			hasScannedForEncodings = 0;
			knownRegions = (
				en,
			);
			mainGroup = 6609389D16F9D5F300D8CF6A;
			productRefGroup = 660938A716F9D5F300D8CF6A /* Products */;
			projectDirPath = "";
			projectRoot = "";
			targets = (
				660938A516F9D5F300D8CF6A /* YouPlayList */,
			);
		};
/* End PBXProject section */

/* Begin PBXResourcesBuildPhase section */
		660938A416F9D5F300D8CF6A /* Resources */ = {
			isa = PBXResourcesBuildPhase;
			buildActionMask = 2147483647;
			files = (
				660938B416F9D5F300D8CF6A /* InfoPlist.strings in Resources */,
				660938BC16F9D5F300D8CF6A /* Default.png in Resources */,
				660938BE16F9D5F300D8CF6A /* Default@2x.png in Resources */,
				660938C016F9D5F300D8CF6A /* Default-568h@2x.png in Resources */,
				660938C316F9D5F300D8CF6A /* MainStoryboard.storyboard in Resources */,
			);
			runOnlyForDeploymentPostprocessing = 0;
		};
/* End PBXResourcesBuildPhase section */

/* Begin PBXSourcesBuildPhase section */
		660938A216F9D5F300D8CF6A /* Sources */ = {
			isa = PBXSourcesBuildPhase;
			buildActionMask = 2147483647;
			files = (
				660938B616F9D5F300D8CF6A /* main.m in Sources */,
				660938BA16F9D5F300D8CF6A /* AppDelegate.m in Sources */,
				660938C616F9D5F300D8CF6A /* ViewController.m in Sources */,
				660938CE16F9D8AB00D8CF6A /* List_TVC.m in Sources */,
				660938D116F9E1E700D8CF6A /* PlayVideo_VC.m in Sources */,
				66944AA516FD74180017A08F /* Reachability.m in Sources */,
				66C4CCF016FE097900788221 /* PlayLists_TVC.m in Sources */,
			);
			runOnlyForDeploymentPostprocessing = 0;
		};
/* End PBXSourcesBuildPhase section */

/* Begin PBXVariantGroup section */
		660938B216F9D5F300D8CF6A /* InfoPlist.strings */ = {
			isa = PBXVariantGroup;
			children = (
				660938B316F9D5F300D8CF6A /* en */,
			);
			name = InfoPlist.strings;
			sourceTree = "<group>";
		};
		660938C116F9D5F300D8CF6A /* MainStoryboard.storyboard */ = {
			isa = PBXVariantGroup;
			children = (
				660938C216F9D5F300D8CF6A /* en */,
			);
			name = MainStoryboard.storyboard;
			sourceTree = "<group>";
		};
/* End PBXVariantGroup section */

/* Begin XCBuildConfiguration section */
		660938C716F9D5F300D8CF6A /* Debug */ = {
			isa = XCBuildConfiguration;
			buildSettings = {
				ALWAYS_SEARCH_USER_PATHS = NO;
				CLANG_CXX_LANGUAGE_STANDARD = "gnu++0x";
				CLANG_CXX_LIBRARY = "libc++";
				CLANG_ENABLE_OBJC_ARC = YES;
				CLANG_WARN_CONSTANT_CONVERSION = YES;
				CLANG_WARN_EMPTY_BODY = YES;
				CLANG_WARN_ENUM_CONVERSION = YES;
				CLANG_WARN_INT_CONVERSION = YES;
				CLANG_WARN__DUPLICATE_METHOD_MATCH = YES;
				"CODE_SIGN_IDENTITY[sdk=iphoneos*]" = "iPhone Developer";
				COPY_PHASE_STRIP = NO;
				GCC_C_LANGUAGE_STANDARD = gnu99;
				GCC_DYNAMIC_NO_PIC = NO;
				GCC_OPTIMIZATION_LEVEL = 0;
				GCC_PREPROCESSOR_DEFINITIONS = (
					"DEBUG=1",
					"$(inherited)",
				);
				GCC_SYMBOLS_PRIVATE_EXTERN = NO;
				GCC_WARN_ABOUT_RETURN_TYPE = YES;
				GCC_WARN_UNINITIALIZED_AUTOS = YES;
				GCC_WARN_UNUSED_VARIABLE = YES;
				IPHONEOS_DEPLOYMENT_TARGET = 6.0;
				ONLY_ACTIVE_ARCH = YES;
				OTHER_LDFLAGS = "";
				SDKROOT = iphoneos;
			};
			name = Debug;
		};
		660938C816F9D5F300D8CF6A /* Release */ = {
			isa = XCBuildConfiguration;
			buildSettings = {
				ALWAYS_SEARCH_USER_PATHS = NO;
				CLANG_CXX_LANGUAGE_STANDARD = "gnu++0x";
				CLANG_CXX_LIBRARY = "libc++";
				CLANG_ENABLE_OBJC_ARC = YES;
				CLANG_WARN_CONSTANT_CONVERSION = YES;
				CLANG_WARN_EMPTY_BODY = YES;
				CLANG_WARN_ENUM_CONVERSION = YES;
				CLANG_WARN_INT_CONVERSION = YES;
				CLANG_WARN__DUPLICATE_METHOD_MATCH = YES;
				"CODE_SIGN_IDENTITY[sdk=iphoneos*]" = "iPhone Developer";
				COPY_PHASE_STRIP = YES;
				GCC_C_LANGUAGE_STANDARD = gnu99;
				GCC_WARN_ABOUT_RETURN_TYPE = YES;
				GCC_WARN_UNINITIALIZED_AUTOS = YES;
				GCC_WARN_UNUSED_VARIABLE = YES;
				IPHONEOS_DEPLOYMENT_TARGET = 6.0;
				OTHER_CFLAGS = "-DNS_BLOCK_ASSERTIONS=1";
				OTHER_LDFLAGS = "";
				SDKROOT = iphoneos;
				VALIDATE_PRODUCT = YES;
			};
			name = Release;
		};
		660938CA16F9D5F300D8CF6A /* Debug */ = {
			isa = XCBuildConfiguration;
			buildSettings = {
				GCC_PRECOMPILE_PREFIX_HEADER = YES;
				GCC_PREFIX_HEADER = "YouPlayList/YouPlayList-Prefix.pch";
				INFOPLIST_FILE = "YouPlayList/YouPlayList-Info.plist";
				IPHONEOS_DEPLOYMENT_TARGET = 6.0;
				PRODUCT_NAME = "$(TARGET_NAME)";
				WRAPPER_EXTENSION = app;
			};
			name = Debug;
		};
		660938CB16F9D5F300D8CF6A /* Release */ = {
			isa = XCBuildConfiguration;
			buildSettings = {
				GCC_PRECOMPILE_PREFIX_HEADER = YES;
				GCC_PREFIX_HEADER = "YouPlayList/YouPlayList-Prefix.pch";
				INFOPLIST_FILE = "YouPlayList/YouPlayList-Info.plist";
				IPHONEOS_DEPLOYMENT_TARGET = 6.0;
				PRODUCT_NAME = "$(TARGET_NAME)";
				WRAPPER_EXTENSION = app;
			};
			name = Release;
		};
/* End XCBuildConfiguration section */

/* Begin XCConfigurationList section */
		660938A116F9D5F300D8CF6A /* Build configuration list for PBXProject "YouPlayList" */ = {
			isa = XCConfigurationList;
			buildConfigurations = (
				660938C716F9D5F300D8CF6A /* Debug */,
				660938C816F9D5F300D8CF6A /* Release */,
			);
			defaultConfigurationIsVisible = 0;
			defaultConfigurationName = Release;
		};
		660938C916F9D5F300D8CF6A /* Build configuration list for PBXNativeTarget "YouPlayList" */ = {
			isa = XCConfigurationList;
			buildConfigurations = (
				660938CA16F9D5F300D8CF6A /* Debug */,
				660938CB16F9D5F300D8CF6A /* Release */,
			);
			defaultConfigurationIsVisible = 0;
			defaultConfigurationName = Release;
		};
/* End XCConfigurationList section */
	};
	rootObject = 6609389E16F9D5F300D8CF6A /* Project object */;
}
